
Microsoft Visual Studio Solution File, Format Version 12.00
# Visual Studio Version 17
VisualStudioVersion = 17.5.002.0
MinimumVisualStudioVersion = 10.0.40219.1
Project("{9A19103F-16F7-4668-BE54-9A1E7A4F7556}") = "NonsensicalVideoGenerator", "NonsensicalVideoGenerator.csproj", "{1E14FC7D-137D-4B83-96B5-858C4DA9A0EC}"
EndProject
Global
	GlobalSection(SolutionConfigurationPlatforms) = preSolution
		Debug|Any CPU = Debug|Any CPU
		Release|Any CPU = Release|Any CPU
	EndGlobalSection
	GlobalSection(ProjectConfigurationPlatforms) = postSolution
		{1E14FC7D-137D-4B83-96B5-858C4DA9A0EC}.Debug|Any CPU.ActiveCfg = Debug|Any CPU
		{1E14FC7D-137D-4B83-96B5-858C4DA9A0EC}.Debug|Any CPU.Build.0 = Debug|Any CPU
		{1E14FC7D-137D-4B83-96B5-858C4DA9A0EC}.Release|Any CPU.ActiveCfg = Release|Any CPU
		{1E14FC7D-137D-4B83-96B5-858C4DA9A0EC}.Release|Any CPU.Build.0 = Release|Any CPU
	EndGlobalSection
	GlobalSection(SolutionProperties) = preSolution
		HideSolutionNode = FALSE
	EndGlobalSection
	GlobalSection(ExtensibilityGlobals) = postSolution
		SolutionGuid = {5A8C722E-E766-47C6-9411-E0056DF26FF6}
	EndGlobalSection
EndGlobal
